
Microsoft Visual Studio Solution File, Format Version 12.00
# Visual Studio 15
VisualStudioVersion = 15.0.28307.421
MinimumVisualStudioVersion = 10.0.40219.1
Project("{2150E333-8FDC-42A3-9474-1A3956D46DE8}") = "Data.Access.Layer", "Data.Access.Layer", "{5390339D-B5C4-4626-B47D-09C72973DFBD}"
EndProject
Project("{2150E333-8FDC-42A3-9474-1A3956D46DE8}") = "Business.Logic.Layer", "Business.Logic.Layer", "{2C62A719-5454-439C-A8EE-2C226556CC2B}"
EndProject
Project("{2150E333-8FDC-42A3-9474-1A3956D46DE8}") = "User.Interface", "User.Interface", "{5792438B-5537-4E44-A2CC-606FF1203E0E}"
EndProject
Project("{FAE04EC0-301F-11D3-BF4B-00C04F79EFBC}") = "CommonType", "CommonType\CommonType.csproj", "{99FE3B5E-350B-421F-9219-CB6D485A3234}"
EndProject
Project("{FAE04EC0-301F-11D3-BF4B-00C04F79EFBC}") = "Core", "Core\Core.csproj", "{77CBA93D-DF66-4B19-911A-7E5D8BCDDF64}"
EndProject
Project("{FAE04EC0-301F-11D3-BF4B-00C04F79EFBC}") = "Helpers", "Helpers\Helpers.csproj", "{6322961C-7482-4FF3-A555-269AE3C0EC00}"
EndProject
Project("{FAE04EC0-301F-11D3-BF4B-00C04F79EFBC}") = "CM.Entities", "CM.Entities\CM.Entities.csproj", "{7584973B-8E4B-4857-800D-7EE3B2830F9B}"
EndProject
Project("{FAE04EC0-301F-11D3-BF4B-00C04F79EFBC}") = "CM.Entity.Mappings", "CCM.Entity.Mappings\CM.Entity.Mappings.csproj", "{307CFB20-4BCB-4818-B72B-AAC374A01178}"
EndProject
Project("{FAE04EC0-301F-11D3-BF4B-00C04F79EFBC}") = "CM.DataAccessLayer", "CM.DataAccessLayer\CM.DataAccessLayer.csproj", "{046D8B8F-88A5-4615-9AFB-4C3912C59FDF}"
EndProject
Project("{FAE04EC0-301F-11D3-BF4B-00C04F79EFBC}") = "CM.BLL.Abstract", "CM.BLL.Abstract\CM.BLL.Abstract.csproj", "{3103F1B8-FD78-4E85-8869-C50DC6539124}"
EndProject
Project("{FAE04EC0-301F-11D3-BF4B-00C04F79EFBC}") = "CM.BLL", "CM.BLL\CM.BLL.csproj", "{062DC074-DF9F-42E6-B2FE-A43EF40DBDBB}"
EndProject
Project("{FAE04EC0-301F-11D3-BF4B-00C04F79EFBC}") = "CM.BLL.IOC.Module", "CM.BLL.IOC.Module\CM.BLL.IOC.Module.csproj", "{CF1D6371-3974-4A5C-BE81-26B3CC6840D1}"
EndProject
Project("{FAE04EC0-301F-11D3-BF4B-00C04F79EFBC}") = "ClinicManagement.MVC", "ClinicManagement.MVC\ClinicManagement.MVC.csproj", "{E3C088F9-912A-4B7B-81BF-A55E7A0CBEB2}"
EndProject
Project("{FAE04EC0-301F-11D3-BF4B-00C04F79EFBC}") = "ClinicManagmentDTO", "ClinicManagmentDTO\ClinicManagmentDTO.csproj", "{220A36CE-736E-4A4E-82EC-FB77C9237DA1}"
EndProject
Global
	GlobalSection(SolutionConfigurationPlatforms) = preSolution
		Debug|Any CPU = Debug|Any CPU
		Release|Any CPU = Release|Any CPU
	EndGlobalSection
	GlobalSection(ProjectConfigurationPlatforms) = postSolution
		{99FE3B5E-350B-421F-9219-CB6D485A3234}.Debug|Any CPU.ActiveCfg = Debug|Any CPU
		{99FE3B5E-350B-421F-9219-CB6D485A3234}.Debug|Any CPU.Build.0 = Debug|Any CPU
		{99FE3B5E-350B-421F-9219-CB6D485A3234}.Release|Any CPU.ActiveCfg = Release|Any CPU
		{99FE3B5E-350B-421F-9219-CB6D485A3234}.Release|Any CPU.Build.0 = Release|Any CPU
		{77CBA93D-DF66-4B19-911A-7E5D8BCDDF64}.Debug|Any CPU.ActiveCfg = Debug|Any CPU
		{77CBA93D-DF66-4B19-911A-7E5D8BCDDF64}.Debug|Any CPU.Build.0 = Debug|Any CPU
		{77CBA93D-DF66-4B19-911A-7E5D8BCDDF64}.Release|Any CPU.ActiveCfg = Release|Any CPU
		{77CBA93D-DF66-4B19-911A-7E5D8BCDDF64}.Release|Any CPU.Build.0 = Release|Any CPU
		{6322961C-7482-4FF3-A555-269AE3C0EC00}.Debug|Any CPU.ActiveCfg = Debug|Any CPU
		{6322961C-7482-4FF3-A555-269AE3C0EC00}.Debug|Any CPU.Build.0 = Debug|Any CPU
		{6322961C-7482-4FF3-A555-269AE3C0EC00}.Release|Any CPU.ActiveCfg = Release|Any CPU
		{6322961C-7482-4FF3-A555-269AE3C0EC00}.Release|Any CPU.Build.0 = Release|Any CPU
		{7584973B-8E4B-4857-800D-7EE3B2830F9B}.Debug|Any CPU.ActiveCfg = Debug|Any CPU
		{7584973B-8E4B-4857-800D-7EE3B2830F9B}.Debug|Any CPU.Build.0 = Debug|Any CPU
		{7584973B-8E4B-4857-800D-7EE3B2830F9B}.Release|Any CPU.ActiveCfg = Release|Any CPU
		{7584973B-8E4B-4857-800D-7EE3B2830F9B}.Release|Any CPU.Build.0 = Release|Any CPU
		{307CFB20-4BCB-4818-B72B-AAC374A01178}.Debug|Any CPU.ActiveCfg = Debug|Any CPU
		{307CFB20-4BCB-4818-B72B-AAC374A01178}.Debug|Any CPU.Build.0 = Debug|Any CPU
		{307CFB20-4BCB-4818-B72B-AAC374A01178}.Release|Any CPU.ActiveCfg = Release|Any CPU
		{307CFB20-4BCB-4818-B72B-AAC374A01178}.Release|Any CPU.Build.0 = Release|Any CPU
		{046D8B8F-88A5-4615-9AFB-4C3912C59FDF}.Debug|Any CPU.ActiveCfg = Debug|Any CPU
		{046D8B8F-88A5-4615-9AFB-4C3912C59FDF}.Debug|Any CPU.Build.0 = Debug|Any CPU
		{046D8B8F-88A5-4615-9AFB-4C3912C59FDF}.Release|Any CPU.ActiveCfg = Release|Any CPU
		{046D8B8F-88A5-4615-9AFB-4C3912C59FDF}.Release|Any CPU.Build.0 = Release|Any CPU
		{3103F1B8-FD78-4E85-8869-C50DC6539124}.Debug|Any CPU.ActiveCfg = Debug|Any CPU
		{3103F1B8-FD78-4E85-8869-C50DC6539124}.Debug|Any CPU.Build.0 = Debug|Any CPU
		{3103F1B8-FD78-4E85-8869-C50DC6539124}.Release|Any CPU.ActiveCfg = Release|Any CPU
		{3103F1B8-FD78-4E85-8869-C50DC6539124}.Release|Any CPU.Build.0 = Release|Any CPU
		{062DC074-DF9F-42E6-B2FE-A43EF40DBDBB}.Debug|Any CPU.ActiveCfg = Debug|Any CPU
		{062DC074-DF9F-42E6-B2FE-A43EF40DBDBB}.Debug|Any CPU.Build.0 = Debug|Any CPU
		{062DC074-DF9F-42E6-B2FE-A43EF40DBDBB}.Release|Any CPU.ActiveCfg = Release|Any CPU
		{062DC074-DF9F-42E6-B2FE-A43EF40DBDBB}.Release|Any CPU.Build.0 = Release|Any CPU
		{CF1D6371-3974-4A5C-BE81-26B3CC6840D1}.Debug|Any CPU.ActiveCfg = Debug|Any CPU
		{CF1D6371-3974-4A5C-BE81-26B3CC6840D1}.Debug|Any CPU.Build.0 = Debug|Any CPU
		{CF1D6371-3974-4A5C-BE81-26B3CC6840D1}.Release|Any CPU.ActiveCfg = Release|Any CPU
		{CF1D6371-3974-4A5C-BE81-26B3CC6840D1}.Release|Any CPU.Build.0 = Release|Any CPU
		{E3C088F9-912A-4B7B-81BF-A55E7A0CBEB2}.Debug|Any CPU.ActiveCfg = Debug|Any CPU
		{E3C088F9-912A-4B7B-81BF-A55E7A0CBEB2}.Debug|Any CPU.Build.0 = Debug|Any CPU
		{E3C088F9-912A-4B7B-81BF-A55E7A0CBEB2}.Release|Any CPU.ActiveCfg = Release|Any CPU
		{E3C088F9-912A-4B7B-81BF-A55E7A0CBEB2}.Release|Any CPU.Build.0 = Release|Any CPU
		{220A36CE-736E-4A4E-82EC-FB77C9237DA1}.Debug|Any CPU.ActiveCfg = Debug|Any CPU
		{220A36CE-736E-4A4E-82EC-FB77C9237DA1}.Debug|Any CPU.Build.0 = Debug|Any CPU
		{220A36CE-736E-4A4E-82EC-FB77C9237DA1}.Release|Any CPU.ActiveCfg = Release|Any CPU
		{220A36CE-736E-4A4E-82EC-FB77C9237DA1}.Release|Any CPU.Build.0 = Release|Any CPU
	EndGlobalSection
	GlobalSection(SolutionProperties) = preSolution
		HideSolutionNode = FALSE
	EndGlobalSection
	GlobalSection(NestedProjects) = preSolution
		{7584973B-8E4B-4857-800D-7EE3B2830F9B} = {5390339D-B5C4-4626-B47D-09C72973DFBD}
		{307CFB20-4BCB-4818-B72B-AAC374A01178} = {5390339D-B5C4-4626-B47D-09C72973DFBD}
		{046D8B8F-88A5-4615-9AFB-4C3912C59FDF} = {5390339D-B5C4-4626-B47D-09C72973DFBD}
		{3103F1B8-FD78-4E85-8869-C50DC6539124} = {2C62A719-5454-439C-A8EE-2C226556CC2B}
		{062DC074-DF9F-42E6-B2FE-A43EF40DBDBB} = {2C62A719-5454-439C-A8EE-2C226556CC2B}
		{CF1D6371-3974-4A5C-BE81-26B3CC6840D1} = {2C62A719-5454-439C-A8EE-2C226556CC2B}
		{E3C088F9-912A-4B7B-81BF-A55E7A0CBEB2} = {5792438B-5537-4E44-A2CC-606FF1203E0E}
	EndGlobalSection
	GlobalSection(ExtensibilityGlobals) = postSolution
		SolutionGuid = {D6E4966D-4CB9-4521-96FB-11D38E6F6501}
	EndGlobalSection
EndGlobal
